
Microsoft Visual Studio Solution File, Format Version 12.00
# Visual Studio 2013
VisualStudioVersion = 12.0.40629.0
MinimumVisualStudioVersion = 10.0.40219.1
Project("{FAE04EC0-301F-11D3-BF4B-00C04F79EFBC}") = "WebClient", "WebClient\WebClient.csproj", "{806569CE-5724-4BFC-BEE6-C8FED68DCDFB}"
EndProject
Project("{FAE04EC0-301F-11D3-BF4B-00C04F79EFBC}") = "SignalRClient", "SignalRClient\SignalRClient.csproj", "{6B5B3F8B-A9EC-4F6A-9D3A-819A788EEACF}"
EndProject
Project("{2150E333-8FDC-42A3-9474-1A3956D46DE8}") = "NoIIS", "NoIIS", "{796244AA-1752-4E08-91C1-263172C3C161}"
EndProject
Project("{FAE04EC0-301F-11D3-BF4B-00C04F79EFBC}") = "OWIN_SignalR", "OWIN_SignalR\OWIN_SignalR.csproj", "{762041B3-8F9B-49E0-B0B5-7BA7AB0628DB}"
EndProject
Project("{2150E333-8FDC-42A3-9474-1A3956D46DE8}") = "Client", "Client", "{C5B1CB30-D3C8-4B63-B307-6310F8DF03CE}"
EndProject
Project("{FAE04EC0-301F-11D3-BF4B-00C04F79EFBC}") = "OWIN.WebAPi", "OWIN.WebAPi_SignalR\OWIN.WebAPi.csproj", "{17B831E2-1958-441B-853E-61D14C3839C2}"
EndProject
Project("{FAE04EC0-301F-11D3-BF4B-00C04F79EFBC}") = "WebApiClient", "WebApiClient\WebApiClient.csproj", "{057E3F7B-A7F1-4D53-8E4A-9B2B9051208F}"
EndProject
Project("{FAE04EC0-301F-11D3-BF4B-00C04F79EFBC}") = "ZQQ", "ZQQ\ZQQ.csproj", "{E29F7F82-3521-47AB-B662-40679829E0B0}"
EndProject
Project("{2150E333-8FDC-42A3-9474-1A3956D46DE8}") = "WebAPI", "WebAPI", "{94BC0ABF-424F-434A-A354-200DAE8F7ED0}"
EndProject
Global
	GlobalSection(SolutionConfigurationPlatforms) = preSolution
		Debug|Any CPU = Debug|Any CPU
		Debug|ARM = Debug|ARM
		Debug|x86 = Debug|x86
		Release|Any CPU = Release|Any CPU
		Release|ARM = Release|ARM
		Release|x86 = Release|x86
	EndGlobalSection
	GlobalSection(ProjectConfigurationPlatforms) = postSolution
		{806569CE-5724-4BFC-BEE6-C8FED68DCDFB}.Debug|Any CPU.ActiveCfg = Debug|Any CPU
		{806569CE-5724-4BFC-BEE6-C8FED68DCDFB}.Debug|Any CPU.Build.0 = Debug|Any CPU
		{806569CE-5724-4BFC-BEE6-C8FED68DCDFB}.Debug|ARM.ActiveCfg = Debug|Any CPU
		{806569CE-5724-4BFC-BEE6-C8FED68DCDFB}.Debug|x86.ActiveCfg = Debug|Any CPU
		{806569CE-5724-4BFC-BEE6-C8FED68DCDFB}.Release|Any CPU.ActiveCfg = Release|Any CPU
		{806569CE-5724-4BFC-BEE6-C8FED68DCDFB}.Release|Any CPU.Build.0 = Release|Any CPU
		{806569CE-5724-4BFC-BEE6-C8FED68DCDFB}.Release|ARM.ActiveCfg = Release|Any CPU
		{806569CE-5724-4BFC-BEE6-C8FED68DCDFB}.Release|x86.ActiveCfg = Release|Any CPU
		{6B5B3F8B-A9EC-4F6A-9D3A-819A788EEACF}.Debug|Any CPU.ActiveCfg = Debug|Any CPU
		{6B5B3F8B-A9EC-4F6A-9D3A-819A788EEACF}.Debug|Any CPU.Build.0 = Debug|Any CPU
		{6B5B3F8B-A9EC-4F6A-9D3A-819A788EEACF}.Debug|ARM.ActiveCfg = Debug|Any CPU
		{6B5B3F8B-A9EC-4F6A-9D3A-819A788EEACF}.Debug|x86.ActiveCfg = Debug|Any CPU
		{6B5B3F8B-A9EC-4F6A-9D3A-819A788EEACF}.Release|Any CPU.ActiveCfg = Release|Any CPU
		{6B5B3F8B-A9EC-4F6A-9D3A-819A788EEACF}.Release|Any CPU.Build.0 = Release|Any CPU
		{6B5B3F8B-A9EC-4F6A-9D3A-819A788EEACF}.Release|ARM.ActiveCfg = Release|Any CPU
		{6B5B3F8B-A9EC-4F6A-9D3A-819A788EEACF}.Release|x86.ActiveCfg = Release|Any CPU
		{762041B3-8F9B-49E0-B0B5-7BA7AB0628DB}.Debug|Any CPU.ActiveCfg = Debug|Any CPU
		{762041B3-8F9B-49E0-B0B5-7BA7AB0628DB}.Debug|Any CPU.Build.0 = Debug|Any CPU
		{762041B3-8F9B-49E0-B0B5-7BA7AB0628DB}.Debug|ARM.ActiveCfg = Debug|Any CPU
		{762041B3-8F9B-49E0-B0B5-7BA7AB0628DB}.Debug|x86.ActiveCfg = Debug|Any CPU
		{762041B3-8F9B-49E0-B0B5-7BA7AB0628DB}.Release|Any CPU.ActiveCfg = Release|Any CPU
		{762041B3-8F9B-49E0-B0B5-7BA7AB0628DB}.Release|Any CPU.Build.0 = Release|Any CPU
		{762041B3-8F9B-49E0-B0B5-7BA7AB0628DB}.Release|ARM.ActiveCfg = Release|Any CPU
		{762041B3-8F9B-49E0-B0B5-7BA7AB0628DB}.Release|x86.ActiveCfg = Release|Any CPU
		{17B831E2-1958-441B-853E-61D14C3839C2}.Debug|Any CPU.ActiveCfg = Debug|Any CPU
		{17B831E2-1958-441B-853E-61D14C3839C2}.Debug|Any CPU.Build.0 = Debug|Any CPU
		{17B831E2-1958-441B-853E-61D14C3839C2}.Debug|ARM.ActiveCfg = Debug|Any CPU
		{17B831E2-1958-441B-853E-61D14C3839C2}.Debug|x86.ActiveCfg = Debug|Any CPU
		{17B831E2-1958-441B-853E-61D14C3839C2}.Release|Any CPU.ActiveCfg = Release|Any CPU
		{17B831E2-1958-441B-853E-61D14C3839C2}.Release|Any CPU.Build.0 = Release|Any CPU
		{17B831E2-1958-441B-853E-61D14C3839C2}.Release|ARM.ActiveCfg = Release|Any CPU
		{17B831E2-1958-441B-853E-61D14C3839C2}.Release|x86.ActiveCfg = Release|Any CPU
		{057E3F7B-A7F1-4D53-8E4A-9B2B9051208F}.Debug|Any CPU.ActiveCfg = Debug|Any CPU
		{057E3F7B-A7F1-4D53-8E4A-9B2B9051208F}.Debug|Any CPU.Build.0 = Debug|Any CPU
		{057E3F7B-A7F1-4D53-8E4A-9B2B9051208F}.Debug|ARM.ActiveCfg = Debug|Any CPU
		{057E3F7B-A7F1-4D53-8E4A-9B2B9051208F}.Debug|x86.ActiveCfg = Debug|Any CPU
		{057E3F7B-A7F1-4D53-8E4A-9B2B9051208F}.Release|Any CPU.ActiveCfg = Release|Any CPU
		{057E3F7B-A7F1-4D53-8E4A-9B2B9051208F}.Release|Any CPU.Build.0 = Release|Any CPU
		{057E3F7B-A7F1-4D53-8E4A-9B2B9051208F}.Release|ARM.ActiveCfg = Release|Any CPU
		{057E3F7B-A7F1-4D53-8E4A-9B2B9051208F}.Release|x86.ActiveCfg = Release|Any CPU
		{E29F7F82-3521-47AB-B662-40679829E0B0}.Debug|Any CPU.ActiveCfg = Debug|Any CPU
		{E29F7F82-3521-47AB-B662-40679829E0B0}.Debug|Any CPU.Build.0 = Debug|Any CPU
		{E29F7F82-3521-47AB-B662-40679829E0B0}.Debug|ARM.ActiveCfg = Debug|Any CPU
		{E29F7F82-3521-47AB-B662-40679829E0B0}.Debug|x86.ActiveCfg = Debug|Any CPU
		{E29F7F82-3521-47AB-B662-40679829E0B0}.Release|Any CPU.ActiveCfg = Release|Any CPU
		{E29F7F82-3521-47AB-B662-40679829E0B0}.Release|Any CPU.Build.0 = Release|Any CPU
		{E29F7F82-3521-47AB-B662-40679829E0B0}.Release|ARM.ActiveCfg = Release|Any CPU
		{E29F7F82-3521-47AB-B662-40679829E0B0}.Release|x86.ActiveCfg = Release|Any CPU
	EndGlobalSection
	GlobalSection(SolutionProperties) = preSolution
		HideSolutionNode = FALSE
	EndGlobalSection
	GlobalSection(NestedProjects) = preSolution
		{806569CE-5724-4BFC-BEE6-C8FED68DCDFB} = {C5B1CB30-D3C8-4B63-B307-6310F8DF03CE}
		{6B5B3F8B-A9EC-4F6A-9D3A-819A788EEACF} = {C5B1CB30-D3C8-4B63-B307-6310F8DF03CE}
		{762041B3-8F9B-49E0-B0B5-7BA7AB0628DB} = {796244AA-1752-4E08-91C1-263172C3C161}
		{17B831E2-1958-441B-853E-61D14C3839C2} = {94BC0ABF-424F-434A-A354-200DAE8F7ED0}
		{057E3F7B-A7F1-4D53-8E4A-9B2B9051208F} = {94BC0ABF-424F-434A-A354-200DAE8F7ED0}
		{E29F7F82-3521-47AB-B662-40679829E0B0} = {C5B1CB30-D3C8-4B63-B307-6310F8DF03CE}
	EndGlobalSection
EndGlobal
